
Microsoft Visual Studio Solution File, Format Version 12.00
# Visual Studio Version 17
VisualStudioVersion = 17.5.33530.505
MinimumVisualStudioVersion = 10.0.40219.1
Project("{FAE04EC0-301F-11D3-BF4B-00C04F79EFBC}") = "fanal1", "fanal1\fanal1.csproj", "{BF87E669-9636-4E24-956D-7DB6530C8FB6}"
EndProject
Global
	GlobalSection(SolutionConfigurationPlatforms) = preSolution
		Debug|Any CPU = Debug|Any CPU
		Release|Any CPU = Release|Any CPU
	EndGlobalSection
	GlobalSection(ProjectConfigurationPlatforms) = postSolution
		{BF87E669-9636-4E24-956D-7DB6530C8FB6}.Debug|Any CPU.ActiveCfg = Debug|Any CPU
		{BF87E669-9636-4E24-956D-7DB6530C8FB6}.Debug|Any CPU.Build.0 = Debug|Any CPU
		{BF87E669-9636-4E24-956D-7DB6530C8FB6}.Release|Any CPU.ActiveCfg = Release|Any CPU
		{BF87E669-9636-4E24-956D-7DB6530C8FB6}.Release|Any CPU.Build.0 = Release|Any CPU
	EndGlobalSection
	GlobalSection(SolutionProperties) = preSolution
		HideSolutionNode = FALSE
	EndGlobalSection
	GlobalSection(ExtensibilityGlobals) = postSolution
		SolutionGuid = {D61FD8C1-1792-411F-9B86-7035A92454AF}
	EndGlobalSection
EndGlobal
